
Microsoft Visual Studio Solution File, Format Version 12.00
# Visual Studio Version 16
VisualStudioVersion = 16.0.31624.102
MinimumVisualStudioVersion = 10.0.40219.1
Project("{FAE04EC0-301F-11D3-BF4B-00C04F79EFBC}") = "homework", "Lesson16.10.21\homework.csproj", "{13D25D70-7606-4CB4-890A-2902A0741348}"
EndProject
Project("{FAE04EC0-301F-11D3-BF4B-00C04F79EFBC}") = "labs", "labs\labs.csproj", "{6E38064D-E743-4BEA-915B-F1827BF5545D}"
EndProject
Project("{FAE04EC0-301F-11D3-BF4B-00C04F79EFBC}") = "homelabs", "homelabs\homelabs.csproj", "{A760958D-0571-4F14-8A70-27C2DACB7C66}"
EndProject
Global
	GlobalSection(SolutionConfigurationPlatforms) = preSolution
		Debug|Any CPU = Debug|Any CPU
		Release|Any CPU = Release|Any CPU
	EndGlobalSection
	GlobalSection(ProjectConfigurationPlatforms) = postSolution
		{13D25D70-7606-4CB4-890A-2902A0741348}.Debug|Any CPU.ActiveCfg = Debug|Any CPU
		{13D25D70-7606-4CB4-890A-2902A0741348}.Debug|Any CPU.Build.0 = Debug|Any CPU
		{13D25D70-7606-4CB4-890A-2902A0741348}.Release|Any CPU.ActiveCfg = Release|Any CPU
		{13D25D70-7606-4CB4-890A-2902A0741348}.Release|Any CPU.Build.0 = Release|Any CPU
		{6E38064D-E743-4BEA-915B-F1827BF5545D}.Debug|Any CPU.ActiveCfg = Debug|Any CPU
		{6E38064D-E743-4BEA-915B-F1827BF5545D}.Debug|Any CPU.Build.0 = Debug|Any CPU
		{6E38064D-E743-4BEA-915B-F1827BF5545D}.Release|Any CPU.ActiveCfg = Release|Any CPU
		{6E38064D-E743-4BEA-915B-F1827BF5545D}.Release|Any CPU.Build.0 = Release|Any CPU
		{A760958D-0571-4F14-8A70-27C2DACB7C66}.Debug|Any CPU.ActiveCfg = Debug|Any CPU
		{A760958D-0571-4F14-8A70-27C2DACB7C66}.Debug|Any CPU.Build.0 = Debug|Any CPU
		{A760958D-0571-4F14-8A70-27C2DACB7C66}.Release|Any CPU.ActiveCfg = Release|Any CPU
		{A760958D-0571-4F14-8A70-27C2DACB7C66}.Release|Any CPU.Build.0 = Release|Any CPU
	EndGlobalSection
	GlobalSection(SolutionProperties) = preSolution
		HideSolutionNode = FALSE
	EndGlobalSection
	GlobalSection(ExtensibilityGlobals) = postSolution
		SolutionGuid = {E39EACA6-7E75-4EB7-B9FD-BBE0F260D1A8}
	EndGlobalSection
EndGlobal
